// !$*UTF8*$!
{
	archiveVersion = 1;
	classes = {
	};
	objectVersion = 77;
	objects = {

/* Begin PBXBuildFile section */
		CA0000000000000000000003 /* CanvasRenderer in Frameworks */ = {isa = PBXBuildFile; productRef = CA0000000000000000000002 /* CanvasRenderer */; };
		DA0000000000000000000003 /* AtelierCore in Frameworks */ = {isa = PBXBuildFile; productRef = DA0000000000000000000002 /* AtelierCore */; };
		EA0000000000000000000003 /* AtelierIngestion in Frameworks */ = {isa = PBXBuildFile; productRef = EA0000000000000000000002 /* AtelierIngestion */; };
/* End PBXBuildFile section */

/* Begin PBXContainerItemProxy section */
		9907787C2FF364F000718815 /* PBXContainerItemProxy */ = {
			isa = PBXContainerItemProxy;
			containerPortal = 990778662FF364EF00718815 /* Project object */;
			proxyType = 1;
			remoteGlobalIDString = 9907786D2FF364EF00718815;
			remoteInfo = AtelierRefs;
		};
		990778862FF364F000718815 /* PBXContainerItemProxy */ = {
			isa = PBXContainerItemProxy;
			containerPortal = 990778662FF364EF00718815 /* Project object */;
			proxyType = 1;
			remoteGlobalIDString = 9907786D2FF364EF00718815;
			remoteInfo = AtelierRefs;
		};
/* End PBXContainerItemProxy section */

/* Begin PBXFileReference section */
		9907786E2FF364EF00718815 /* AtelierRefs.app */ = {isa = PBXFileReference; explicitFileType = wrapper.application; includeInIndex = 0; path = AtelierRefs.app; sourceTree = BUILT_PRODUCTS_DIR; };
		9907787B2FF364F000718815 /* AtelierRefsTests.xctest */ = {isa = PBXFileReference; explicitFileType = wrapper.cfbundle; includeInIndex = 0; path = AtelierRefsTests.xctest; sourceTree = BUILT_PRODUCTS_DIR; };
		990778852FF364F000718815 /* AtelierRefsUITests.xctest */ = {isa = PBXFileReference; explicitFileType = wrapper.cfbundle; includeInIndex = 0; path = AtelierRefsUITests.xctest; sourceTree = BUILT_PRODUCTS_DIR; };
/* End PBXFileReference section */

/* Begin PBXFileSystemSynchronizedRootGroup section */
		990778702FF364EF00718815 /* AtelierRefs */ = {
			isa = PBXFileSystemSynchronizedRootGroup;
			path = AtelierRefs;
			sourceTree = "<group>";
		};
		9907787E2FF364F000718815 /* AtelierRefsTests */ = {
			isa = PBXFileSystemSynchronizedRootGroup;
			path = AtelierRefsTests;
			sourceTree = "<group>";
		};
		990778882FF364F000718815 /* AtelierRefsUITests */ = {
			isa = PBXFileSystemSynchronizedRootGroup;
			path = AtelierRefsUITests;
			sourceTree = "<group>";
		};
/* End PBXFileSystemSynchronizedRootGroup section */

/* Begin PBXFrameworksBuildPhase section */
		9907786B2FF364EF00718815 /* Frameworks */ = {
			isa = PBXFrameworksBuildPhase;
			buildActionMask = 2147483647;
			files = (
				CA0000000000000000000003 /* CanvasRenderer in Frameworks */,
				DA0000000000000000000003 /* AtelierCore in Frameworks */,
				EA0000000000000000000003 /* AtelierIngestion in Frameworks */,
			);
			runOnlyForDeploymentPostprocessing = 0;
		};
		990778782FF364F000718815 /* Frameworks */ = {
			isa = PBXFrameworksBuildPhase;
			buildActionMask = 2147483647;
			files = (
			);
			runOnlyForDeploymentPostprocessing = 0;
		};
		990778822FF364F000718815 /* Frameworks */ = {
			isa = PBXFrameworksBuildPhase;
			buildActionMask = 2147483647;
			files = (
			);
			runOnlyForDeploymentPostprocessing = 0;
		};
/* End PBXFrameworksBuildPhase section */

/* Begin PBXGroup section */
		990778652FF364EF00718815 = {
			isa = PBXGroup;
			children = (
				990778702FF364EF00718815 /* AtelierRefs */,
				9907787E2FF364F000718815 /* AtelierRefsTests */,
				990778882FF364F000718815 /* AtelierRefsUITests */,
				9907786F2FF364EF00718815 /* Products */,
			);
			sourceTree = "<group>";
		};
		9907786F2FF364EF00718815 /* Products */ = {
			isa = PBXGroup;
			children = (
				9907786E2FF364EF00718815 /* AtelierRefs.app */,
				9907787B2FF364F000718815 /* AtelierRefsTests.xctest */,
				990778852FF364F000718815 /* AtelierRefsUITests.xctest */,
			);
			name = Products;
			sourceTree = "<group>";
		};
/* End PBXGroup section */

/* Begin PBXNativeTarget section */
		9907786D2FF364EF00718815 /* AtelierRefs */ = {
			isa = PBXNativeTarget;
			buildConfigurationList = 9907788F2FF364F000718815 /* Build configuration list for PBXNativeTarget "AtelierRefs" */;
			buildPhases = (
				9907786A2FF364EF00718815 /* Sources */,
				9907786B2FF364EF00718815 /* Frameworks */,
				9907786C2FF364EF00718815 /* Resources */,
			);
			buildRules = (
			);
			dependencies = (
			);
			fileSystemSynchronizedGroups = (
				990778702FF364EF00718815 /* AtelierRefs */,
			);
			name = AtelierRefs;
			packageProductDependencies = (
				CA0000000000000000000002 /* CanvasRenderer */,
				DA0000000000000000000002 /* AtelierCore */,
				EA0000000000000000000002 /* AtelierIngestion */,
			);
			productName = AtelierRefs;
			productReference = 9907786E2FF364EF00718815 /* AtelierRefs.app */;
			productType = "com.apple.product-type.application";
		};
		9907787A2FF364F000718815 /* AtelierRefsTests */ = {
			isa = PBXNativeTarget;
			buildConfigurationList = 990778922FF364F000718815 /* Build configuration list for PBXNativeTarget "AtelierRefsTests" */;
			buildPhases = (
				990778772FF364F000718815 /* Sources */,
				990778782FF364F000718815 /* Frameworks */,
				990778792FF364F000718815 /* Resources */,
			);
			buildRules = (
			);
			dependencies = (
				9907787D2FF364F000718815 /* PBXTargetDependency */,
			);
			fileSystemSynchronizedGroups = (
				9907787E2FF364F000718815 /* AtelierRefsTests */,
			);
			name = AtelierRefsTests;
			packageProductDependencies = (
			);
			productName = AtelierRefsTests;
			productReference = 9907787B2FF364F000718815 /* AtelierRefsTests.xctest */;
			productType = "com.apple.product-type.bundle.unit-test";
		};
		990778842FF364F000718815 /* AtelierRefsUITests */ = {
			isa = PBXNativeTarget;
			buildConfigurationList = 990778952FF364F000718815 /* Build configuration list for PBXNativeTarget "AtelierRefsUITests" */;
			buildPhases = (
				990778812FF364F000718815 /* Sources */,
				990778822FF364F000718815 /* Frameworks */,
				990778832FF364F000718815 /* Resources */,
			);
			buildRules = (
			);
			dependencies = (
				990778872FF364F000718815 /* PBXTargetDependency */,
			);
			fileSystemSynchronizedGroups = (
				990778882FF364F000718815 /* AtelierRefsUITests */,
			);
			name = AtelierRefsUITests;
			packageProductDependencies = (
			);
			productName = AtelierRefsUITests;
			productReference = 990778852FF364F000718815 /* AtelierRefsUITests.xctest */;
			productType = "com.apple.product-type.bundle.ui-testing";
		};
/* End PBXNativeTarget section */

/* Begin PBXProject section */
		990778662FF364EF00718815 /* Project object */ = {
			isa = PBXProject;
			attributes = {
				BuildIndependentTargetsInParallel = 1;
				LastSwiftUpdateCheck = 2660;
				LastUpgradeCheck = 2660;
				TargetAttributes = {
					9907786D2FF364EF00718815 = {
						CreatedOnToolsVersion = 26.6;
					};
					9907787A2FF364F000718815 = {
						CreatedOnToolsVersion = 26.6;
						TestTargetID = 9907786D2FF364EF00718815;
					};
					990778842FF364F000718815 = {
						CreatedOnToolsVersion = 26.6;
						TestTargetID = 9907786D2FF364EF00718815;
					};
				};
			};
			buildConfigurationList = 990778692FF364EF00718815 /* Build configuration list for PBXProject "AtelierRefs" */;
			developmentRegion = en;
			hasScannedForEncodings = 0;
			knownRegions = (
				en,
				Base,
			);
			mainGroup = 990778652FF364EF00718815;
			minimizedProjectReferenceProxies = 1;
			packageReferences = (
				CA0000000000000000000001 /* XCLocalSwiftPackageReference "../CanvasRenderer" */,
				DA0000000000000000000001 /* XCLocalSwiftPackageReference "../AtelierCore" */,
				EA0000000000000000000001 /* XCLocalSwiftPackageReference "../AtelierIngestion" */,
			);
			preferredProjectObjectVersion = 77;
			productRefGroup = 9907786F2FF364EF00718815 /* Products */;
			projectDirPath = "";
			projectRoot = "";
			targets = (
				9907786D2FF364EF00718815 /* AtelierRefs */,
				9907787A2FF364F000718815 /* AtelierRefsTests */,
				990778842FF364F000718815 /* AtelierRefsUITests */,
			);
		};
/* End PBXProject section */

/* Begin PBXResourcesBuildPhase section */
		9907786C2FF364EF00718815 /* Resources */ = {
			isa = PBXResourcesBuildPhase;
			buildActionMask = 2147483647;
			files = (
			);
			runOnlyForDeploymentPostprocessing = 0;
		};
		990778792FF364F000718815 /* Resources */ = {
			isa = PBXResourcesBuildPhase;
			buildActionMask = 2147483647;
			files = (
			);
			runOnlyForDeploymentPostprocessing = 0;
		};
		990778832FF364F000718815 /* Resources */ = {
			isa = PBXResourcesBuildPhase;
			buildActionMask = 2147483647;
			files = (
			);
			runOnlyForDeploymentPostprocessing = 0;
		};
/* End PBXResourcesBuildPhase section */

/* Begin PBXSourcesBuildPhase section */
		9907786A2FF364EF00718815 /* Sources */ = {
			isa = PBXSourcesBuildPhase;
			buildActionMask = 2147483647;
			files = (
			);
			runOnlyForDeploymentPostprocessing = 0;
		};
		990778772FF364F000718815 /* Sources */ = {
			isa = PBXSourcesBuildPhase;
			buildActionMask = 2147483647;
			files = (
			);
			runOnlyForDeploymentPostprocessing = 0;
		};
		990778812FF364F000718815 /* Sources */ = {
			isa = PBXSourcesBuildPhase;
			buildActionMask = 2147483647;
			files = (
			);
			runOnlyForDeploymentPostprocessing = 0;
		};
/* End PBXSourcesBuildPhase section */

/* Begin PBXTargetDependency section */
		9907787D2FF364F000718815 /* PBXTargetDependency */ = {
			isa = PBXTargetDependency;
			target = 9907786D2FF364EF00718815 /* AtelierRefs */;
			targetProxy = 9907787C2FF364F000718815 /* PBXContainerItemProxy */;
		};
		990778872FF364F000718815 /* PBXTargetDependency */ = {
			isa = PBXTargetDependency;
			target = 9907786D2FF364EF00718815 /* AtelierRefs */;
			targetProxy = 990778862FF364F000718815 /* PBXContainerItemProxy */;
		};
/* End PBXTargetDependency section */

/* Begin XCBuildConfiguration section */
		9907788D2FF364F000718815 /* Debug */ = {
			isa = XCBuildConfiguration;
			buildSettings = {
				ALWAYS_SEARCH_USER_PATHS = NO;
				ASSETCATALOG_COMPILER_GENERATE_SWIFT_ASSET_SYMBOL_EXTENSIONS = YES;
				CLANG_ANALYZER_NONNULL = YES;
				CLANG_ANALYZER_NUMBER_OBJECT_CONVERSION = YES_AGGRESSIVE;
				CLANG_CXX_LANGUAGE_STANDARD = "gnu++20";
				CLANG_ENABLE_MODULES = YES;
				CLANG_ENABLE_OBJC_ARC = YES;
				CLANG_ENABLE_OBJC_WEAK = YES;
				CLANG_WARN_BLOCK_CAPTURE_AUTORELEASING = YES;
				CLANG_WARN_BOOL_CONVERSION = YES;
				CLANG_WARN_COMMA = YES;
				CLANG_WARN_CONSTANT_CONVERSION = YES;
				CLANG_WARN_DEPRECATED_OBJC_IMPLEMENTATIONS = YES;
				CLANG_WARN_DIRECT_OBJC_ISA_USAGE = YES_ERROR;
				CLANG_WARN_DOCUMENTATION_COMMENTS = YES;
				CLANG_WARN_EMPTY_BODY = YES;
				CLANG_WARN_ENUM_CONVERSION = YES;
				CLANG_WARN_INFINITE_RECURSION = YES;
				CLANG_WARN_INT_CONVERSION = YES;
				CLANG_WARN_NON_LITERAL_NULL_CONVERSION = YES;
				CLANG_WARN_OBJC_IMPLICIT_RETAIN_SELF = YES;
				CLANG_WARN_OBJC_LITERAL_CONVERSION = YES;
				CLANG_WARN_OBJC_ROOT_CLASS = YES_ERROR;
				CLANG_WARN_QUOTED_INCLUDE_IN_FRAMEWORK_HEADER = YES;
				CLANG_WARN_RANGE_LOOP_ANALYSIS = YES;
				CLANG_WARN_STRICT_PROTOTYPES = YES;
				CLANG_WARN_SUSPICIOUS_MOVE = YES;
				CLANG_WARN_UNGUARDED_AVAILABILITY = YES_AGGRESSIVE;
				CLANG_WARN_UNREACHABLE_CODE = YES;
				CLANG_WARN__DUPLICATE_METHOD_MATCH = YES;
				COPY_PHASE_STRIP = NO;
				DEBUG_INFORMATION_FORMAT = dwarf;
				DEVELOPMENT_TEAM = L25247V6JG;
				ENABLE_STRICT_OBJC_MSGSEND = YES;
				ENABLE_TESTABILITY = YES;
				ENABLE_USER_SCRIPT_SANDBOXING = YES;
				GCC_C_LANGUAGE_STANDARD = gnu17;
				GCC_DYNAMIC_NO_PIC = NO;
				GCC_NO_COMMON_BLOCKS = YES;
				GCC_OPTIMIZATION_LEVEL = 0;
				GCC_PREPROCESSOR_DEFINITIONS = (
					"DEBUG=1",
					"$(inherited)",
				);
				GCC_WARN_64_TO_32_BIT_CONVERSION = YES;
				GCC_WARN_ABOUT_RETURN_TYPE = YES_ERROR;
				GCC_WARN_UNDECLARED_SELECTOR = YES;
				GCC_WARN_UNINITIALIZED_AUTOS = YES_AGGRESSIVE;
				GCC_WARN_UNUSED_FUNCTION = YES;
				GCC_WARN_UNUSED_VARIABLE = YES;
				LOCALIZATION_PREFERS_STRING_CATALOGS = YES;
				MACOSX_DEPLOYMENT_TARGET = 26.5;
				MTL_ENABLE_DEBUG_INFO = INCLUDE_SOURCE;
				MTL_FAST_MATH = YES;
				ONLY_ACTIVE_ARCH = YES;
				SDKROOT = macosx;
				SWIFT_ACTIVE_COMPILATION_CONDITIONS = "DEBUG $(inherited)";
				SWIFT_OPTIMIZATION_LEVEL = "-Onone";
			};
			name = Debug;
		};
		9907788E2FF364F000718815 /* Release */ = {
			isa = XCBuildConfiguration;
			buildSettings = {
				ALWAYS_SEARCH_USER_PATHS = NO;
				ASSETCATALOG_COMPILER_GENERATE_SWIFT_ASSET_SYMBOL_EXTENSIONS = YES;
				CLANG_ANALYZER_NONNULL = YES;
				CLANG_ANALYZER_NUMBER_OBJECT_CONVERSION = YES_AGGRESSIVE;
				CLANG_CXX_LANGUAGE_STANDARD = "gnu++20";
				CLANG_ENABLE_MODULES = YES;
				CLANG_ENABLE_OBJC_ARC = YES;
				CLANG_ENABLE_OBJC_WEAK = YES;
				CLANG_WARN_BLOCK_CAPTURE_AUTORELEASING = YES;
				CLANG_WARN_BOOL_CONVERSION = YES;
				CLANG_WARN_COMMA = YES;
				CLANG_WARN_CONSTANT_CONVERSION = YES;
				CLANG_WARN_DEPRECATED_OBJC_IMPLEMENTATIONS = YES;
				CLANG_WARN_DIRECT_OBJC_ISA_USAGE = YES_ERROR;
				CLANG_WARN_DOCUMENTATION_COMMENTS = YES;
				CLANG_WARN_EMPTY_BODY = YES;
				CLANG_WARN_ENUM_CONVERSION = YES;
				CLANG_WARN_INFINITE_RECURSION = YES;
				CLANG_WARN_INT_CONVERSION = YES;
				CLANG_WARN_NON_LITERAL_NULL_CONVERSION = YES;
				CLANG_WARN_OBJC_IMPLICIT_RETAIN_SELF = YES;
				CLANG_WARN_OBJC_LITERAL_CONVERSION = YES;
				CLANG_WARN_OBJC_ROOT_CLASS = YES_ERROR;
				CLANG_WARN_QUOTED_INCLUDE_IN_FRAMEWORK_HEADER = YES;
				CLANG_WARN_RANGE_LOOP_ANALYSIS = YES;
				CLANG_WARN_STRICT_PROTOTYPES = YES;
				CLANG_WARN_SUSPICIOUS_MOVE = YES;
				CLANG_WARN_UNGUARDED_AVAILABILITY = YES_AGGRESSIVE;
				CLANG_WARN_UNREACHABLE_CODE = YES;
				CLANG_WARN__DUPLICATE_METHOD_MATCH = YES;
				COPY_PHASE_STRIP = NO;
				DEBUG_INFORMATION_FORMAT = "dwarf-with-dsym";
				DEVELOPMENT_TEAM = L25247V6JG;
				ENABLE_NS_ASSERTIONS = NO;
				ENABLE_STRICT_OBJC_MSGSEND = YES;
				ENABLE_USER_SCRIPT_SANDBOXING = YES;
				GCC_C_LANGUAGE_STANDARD = gnu17;
				GCC_NO_COMMON_BLOCKS = YES;
				GCC_WARN_64_TO_32_BIT_CONVERSION = YES;
				GCC_WARN_ABOUT_RETURN_TYPE = YES_ERROR;
				GCC_WARN_UNDECLARED_SELECTOR = YES;
				GCC_WARN_UNINITIALIZED_AUTOS = YES_AGGRESSIVE;
				GCC_WARN_UNUSED_FUNCTION = YES;
				GCC_WARN_UNUSED_VARIABLE = YES;
				LOCALIZATION_PREFERS_STRING_CATALOGS = YES;
				MACOSX_DEPLOYMENT_TARGET = 26.5;
				MTL_ENABLE_DEBUG_INFO = NO;
				MTL_FAST_MATH = YES;
				SDKROOT = macosx;
				SWIFT_COMPILATION_MODE = wholemodule;
			};
			name = Release;
		};
		990778902FF364F000718815 /* Debug */ = {
			isa = XCBuildConfiguration;
			buildSettings = {
				ASSETCATALOG_COMPILER_APPICON_NAME = AppIcon;
				ASSETCATALOG_COMPILER_GLOBAL_ACCENT_COLOR_NAME = AccentColor;
				CODE_SIGN_STYLE = Automatic;
				COMBINE_HIDPI_IMAGES = YES;
				CURRENT_PROJECT_VERSION = 1;
				DEVELOPMENT_TEAM = L25247V6JG;
				ENABLE_APP_SANDBOX = YES;
				ENABLE_HARDENED_RUNTIME = YES;
				ENABLE_PREVIEWS = YES;
				ENABLE_USER_SELECTED_FILES = readonly;
				GENERATE_INFOPLIST_FILE = YES;
				INFOPLIST_KEY_NSHumanReadableCopyright = "";
				LD_RUNPATH_SEARCH_PATHS = (
					"$(inherited)",
					"@executable_path/../Frameworks",
				);
				MARKETING_VERSION = 1.0;
				PRODUCT_BUNDLE_IDENTIFIER = sujenphea.AtelierRefs;
				PRODUCT_NAME = "$(TARGET_NAME)";
				REGISTER_APP_GROUPS = YES;
				STRING_CATALOG_GENERATE_SYMBOLS = YES;
				SWIFT_APPROACHABLE_CONCURRENCY = YES;
				SWIFT_DEFAULT_ACTOR_ISOLATION = MainActor;
				SWIFT_EMIT_LOC_STRINGS = YES;
				SWIFT_UPCOMING_FEATURE_MEMBER_IMPORT_VISIBILITY = YES;
				SWIFT_VERSION = 5.0;
			};
			name = Debug;
		};
		990778912FF364F000718815 /* Release */ = {
			isa = XCBuildConfiguration;
			buildSettings = {
				ASSETCATALOG_COMPILER_APPICON_NAME = AppIcon;
				ASSETCATALOG_COMPILER_GLOBAL_ACCENT_COLOR_NAME = AccentColor;
				CODE_SIGN_STYLE = Automatic;
				COMBINE_HIDPI_IMAGES = YES;
				CURRENT_PROJECT_VERSION = 1;
				DEVELOPMENT_TEAM = L25247V6JG;
				ENABLE_APP_SANDBOX = YES;
				ENABLE_HARDENED_RUNTIME = YES;
				ENABLE_PREVIEWS = YES;
				ENABLE_USER_SELECTED_FILES = readonly;
				GENERATE_INFOPLIST_FILE = YES;
				INFOPLIST_KEY_NSHumanReadableCopyright = "";
				LD_RUNPATH_SEARCH_PATHS = (
					"$(inherited)",
					"@executable_path/../Frameworks",
				);
				MARKETING_VERSION = 1.0;
				PRODUCT_BUNDLE_IDENTIFIER = sujenphea.AtelierRefs;
				PRODUCT_NAME = "$(TARGET_NAME)";
				REGISTER_APP_GROUPS = YES;
				STRING_CATALOG_GENERATE_SYMBOLS = YES;
				SWIFT_APPROACHABLE_CONCURRENCY = YES;
				SWIFT_DEFAULT_ACTOR_ISOLATION = MainActor;
				SWIFT_EMIT_LOC_STRINGS = YES;
				SWIFT_UPCOMING_FEATURE_MEMBER_IMPORT_VISIBILITY = YES;
				SWIFT_VERSION = 5.0;
			};
			name = Release;
		};
		990778932FF364F000718815 /* Debug */ = {
			isa = XCBuildConfiguration;
			buildSettings = {
				BUNDLE_LOADER = "$(TEST_HOST)";
				CODE_SIGN_STYLE = Automatic;
				CURRENT_PROJECT_VERSION = 1;
				DEVELOPMENT_TEAM = L25247V6JG;
				GENERATE_INFOPLIST_FILE = YES;
				MACOSX_DEPLOYMENT_TARGET = 26.5;
				MARKETING_VERSION = 1.0;
				PRODUCT_BUNDLE_IDENTIFIER = sujenphea.AtelierRefsTests;
				PRODUCT_NAME = "$(TARGET_NAME)";
				STRING_CATALOG_GENERATE_SYMBOLS = NO;
				SWIFT_APPROACHABLE_CONCURRENCY = YES;
				SWIFT_EMIT_LOC_STRINGS = NO;
				SWIFT_UPCOMING_FEATURE_MEMBER_IMPORT_VISIBILITY = YES;
				SWIFT_VERSION = 5.0;
				TEST_HOST = "$(BUILT_PRODUCTS_DIR)/AtelierRefs.app/$(BUNDLE_EXECUTABLE_FOLDER_PATH)/AtelierRefs";
			};
			name = Debug;
		};
		990778942FF364F000718815 /* Release */ = {
			isa = XCBuildConfiguration;
			buildSettings = {
				BUNDLE_LOADER = "$(TEST_HOST)";
				CODE_SIGN_STYLE = Automatic;
				CURRENT_PROJECT_VERSION = 1;
				DEVELOPMENT_TEAM = L25247V6JG;
				GENERATE_INFOPLIST_FILE = YES;
				MACOSX_DEPLOYMENT_TARGET = 26.5;
				MARKETING_VERSION = 1.0;
				PRODUCT_BUNDLE_IDENTIFIER = sujenphea.AtelierRefsTests;
				PRODUCT_NAME = "$(TARGET_NAME)";
				STRING_CATALOG_GENERATE_SYMBOLS = NO;
				SWIFT_APPROACHABLE_CONCURRENCY = YES;
				SWIFT_EMIT_LOC_STRINGS = NO;
				SWIFT_UPCOMING_FEATURE_MEMBER_IMPORT_VISIBILITY = YES;
				SWIFT_VERSION = 5.0;
				TEST_HOST = "$(BUILT_PRODUCTS_DIR)/AtelierRefs.app/$(BUNDLE_EXECUTABLE_FOLDER_PATH)/AtelierRefs";
			};
			name = Release;
		};
		990778962FF364F000718815 /* Debug */ = {
			isa = XCBuildConfiguration;
			buildSettings = {
				CODE_SIGN_STYLE = Automatic;
				CURRENT_PROJECT_VERSION = 1;
				DEVELOPMENT_TEAM = L25247V6JG;
				GENERATE_INFOPLIST_FILE = YES;
				MARKETING_VERSION = 1.0;
				PRODUCT_BUNDLE_IDENTIFIER = sujenphea.AtelierRefsUITests;
				PRODUCT_NAME = "$(TARGET_NAME)";
				STRING_CATALOG_GENERATE_SYMBOLS = NO;
				SWIFT_APPROACHABLE_CONCURRENCY = YES;
				SWIFT_EMIT_LOC_STRINGS = NO;
				SWIFT_UPCOMING_FEATURE_MEMBER_IMPORT_VISIBILITY = YES;
				SWIFT_VERSION = 5.0;
				TEST_TARGET_NAME = AtelierRefs;
			};
			name = Debug;
		};
		990778972FF364F000718815 /* Release */ = {
			isa = XCBuildConfiguration;
			buildSettings = {
				CODE_SIGN_STYLE = Automatic;
				CURRENT_PROJECT_VERSION = 1;
				DEVELOPMENT_TEAM = L25247V6JG;
				GENERATE_INFOPLIST_FILE = YES;
				MARKETING_VERSION = 1.0;
				PRODUCT_BUNDLE_IDENTIFIER = sujenphea.AtelierRefsUITests;
				PRODUCT_NAME = "$(TARGET_NAME)";
				STRING_CATALOG_GENERATE_SYMBOLS = NO;
				SWIFT_APPROACHABLE_CONCURRENCY = YES;
				SWIFT_EMIT_LOC_STRINGS = NO;
				SWIFT_UPCOMING_FEATURE_MEMBER_IMPORT_VISIBILITY = YES;
				SWIFT_VERSION = 5.0;
				TEST_TARGET_NAME = AtelierRefs;
			};
			name = Release;
		};
/* End XCBuildConfiguration section */

/* Begin XCConfigurationList section */
		990778692FF364EF00718815 /* Build configuration list for PBXProject "AtelierRefs" */ = {
			isa = XCConfigurationList;
			buildConfigurations = (
				9907788D2FF364F000718815 /* Debug */,
				9907788E2FF364F000718815 /* Release */,
			);
			defaultConfigurationIsVisible = 0;
			defaultConfigurationName = Release;
		};
		9907788F2FF364F000718815 /* Build configuration list for PBXNativeTarget "AtelierRefs" */ = {
			isa = XCConfigurationList;
			buildConfigurations = (
				990778902FF364F000718815 /* Debug */,
				990778912FF364F000718815 /* Release */,
			);
			defaultConfigurationIsVisible = 0;
			defaultConfigurationName = Release;
		};
		990778922FF364F000718815 /* Build configuration list for PBXNativeTarget "AtelierRefsTests" */ = {
			isa = XCConfigurationList;
			buildConfigurations = (
				990778932FF364F000718815 /* Debug */,
				990778942FF364F000718815 /* Release */,
			);
			defaultConfigurationIsVisible = 0;
			defaultConfigurationName = Release;
		};
		990778952FF364F000718815 /* Build configuration list for PBXNativeTarget "AtelierRefsUITests" */ = {
			isa = XCConfigurationList;
			buildConfigurations = (
				990778962FF364F000718815 /* Debug */,
				990778972FF364F000718815 /* Release */,
			);
			defaultConfigurationIsVisible = 0;
			defaultConfigurationName = Release;
		};
/* End XCConfigurationList section */

/* Begin XCLocalSwiftPackageReference section */
		CA0000000000000000000001 /* XCLocalSwiftPackageReference "../CanvasRenderer" */ = {
			isa = XCLocalSwiftPackageReference;
			relativePath = ../CanvasRenderer;
		};
		DA0000000000000000000001 /* XCLocalSwiftPackageReference "../AtelierCore" */ = {
			isa = XCLocalSwiftPackageReference;
			relativePath = ../AtelierCore;
		};
		EA0000000000000000000001 /* XCLocalSwiftPackageReference "../AtelierIngestion" */ = {
			isa = XCLocalSwiftPackageReference;
			relativePath = ../AtelierIngestion;
		};
/* End XCLocalSwiftPackageReference section */

/* Begin XCSwiftPackageProductDependency section */
		CA0000000000000000000002 /* CanvasRenderer */ = {
			isa = XCSwiftPackageProductDependency;
			productName = CanvasRenderer;
		};
		DA0000000000000000000002 /* AtelierCore */ = {
			isa = XCSwiftPackageProductDependency;
			productName = AtelierCore;
		};
		EA0000000000000000000002 /* AtelierIngestion */ = {
			isa = XCSwiftPackageProductDependency;
			productName = AtelierIngestion;
		};
/* End XCSwiftPackageProductDependency section */
	};
	rootObject = 990778662FF364EF00718815 /* Project object */;
}
