{
  "originHash" : "89b2edbf60ebfb9be9aa43869766295b292516005bedac8f2ed31a049664bc0c",
  "pins" : [
    {
      "identity" : "grdb.swift",
      "kind" : "remoteSourceControl",
      "location" : "https://github.com/groue/GRDB.swift.git",
      "state" : {
        "revision" : "b83108d10f42680d78f23fe4d4d80fc88dab3212",
        "version" : "7.11.1"
      }
    }
  ],
  "version" : 3
}
